// !$*UTF8*$!
{
	archiveVersion = 1;
	classes = {
	};
	objectVersion = 50;
	objects = {

/* Begin PBXBuildFile section */
		9788616F26695C5100E23DEA /* AppDelegate.swift in Sources */ = {isa = PBXBuildFile; fileRef = 9788616E26695C5100E23DEA /* AppDelegate.swift */; };
		9788617126695C5100E23DEA /* SceneDelegate.swift in Sources */ = {isa = PBXBuildFile; fileRef = 9788617026695C5100E23DEA /* SceneDelegate.swift */; };
		9788617326695C5100E23DEA /* ViewController.swift in Sources */ = {isa = PBXBuildFile; fileRef = 9788617226695C5100E23DEA /* ViewController.swift */; };
		9788617626695C5100E23DEA /* Main.storyboard in Resources */ = {isa = PBXBuildFile; fileRef = 9788617426695C5100E23DEA /* Main.storyboard */; };
		9788617826695C5200E23DEA /* Assets.xcassets in Resources */ = {isa = PBXBuildFile; fileRef = 9788617726695C5200E23DEA /* Assets.xcassets */; };
		9788617B26695C5200E23DEA /* LaunchScreen.storyboard in Resources */ = {isa = PBXBuildFile; fileRef = 9788617926695C5200E23DEA /* LaunchScreen.storyboard */; };
		97886185266A126C00E23DEA /* levels.txt in Resources */ = {isa = PBXBuildFile; fileRef = 97886184266A126B00E23DEA /* levels.txt */; };
		97886188266A128400E23DEA /* Level.swift in Sources */ = {isa = PBXBuildFile; fileRef = 97886187266A128400E23DEA /* Level.swift */; };
/* End PBXBuildFile section */

/* Begin PBXFileReference section */
		9788616B26695C5100E23DEA /* Project_789.app */ = {isa = PBXFileReference; explicitFileType = wrapper.application; includeInIndex = 0; path = Project_789.app; sourceTree = BUILT_PRODUCTS_DIR; };
		9788616E26695C5100E23DEA /* AppDelegate.swift */ = {isa = PBXFileReference; lastKnownFileType = sourcecode.swift; path = AppDelegate.swift; sourceTree = "<group>"; };
		9788617026695C5100E23DEA /* SceneDelegate.swift */ = {isa = PBXFileReference; lastKnownFileType = sourcecode.swift; path = SceneDelegate.swift; sourceTree = "<group>"; };
		9788617226695C5100E23DEA /* ViewController.swift */ = {isa = PBXFileReference; lastKnownFileType = sourcecode.swift; path = ViewController.swift; sourceTree = "<group>"; };
		9788617526695C5100E23DEA /* Base */ = {isa = PBXFileReference; lastKnownFileType = file.storyboard; name = Base; path = Base.lproj/Main.storyboard; sourceTree = "<group>"; };
		9788617726695C5200E23DEA /* Assets.xcassets */ = {isa = PBXFileReference; lastKnownFileType = folder.assetcatalog; path = Assets.xcassets; sourceTree = "<group>"; };
		9788617A26695C5200E23DEA /* Base */ = {isa = PBXFileReference; lastKnownFileType = file.storyboard; name = Base; path = Base.lproj/LaunchScreen.storyboard; sourceTree = "<group>"; };
		9788617C26695C5200E23DEA /* Info.plist */ = {isa = PBXFileReference; lastKnownFileType = text.plist.xml; path = Info.plist; sourceTree = "<group>"; };
		97886184266A126B00E23DEA /* levels.txt */ = {isa = PBXFileReference; fileEncoding = 4; lastKnownFileType = text; path = levels.txt; sourceTree = "<group>"; };
		97886187266A128400E23DEA /* Level.swift */ = {isa = PBXFileReference; lastKnownFileType = sourcecode.swift; path = Level.swift; sourceTree = "<group>"; };
/* End PBXFileReference section */

/* Begin PBXFrameworksBuildPhase section */
		9788616826695C5100E23DEA /* Frameworks */ = {
			isa = PBXFrameworksBuildPhase;
			buildActionMask = 2147483647;
			files = (
			);
			runOnlyForDeploymentPostprocessing = 0;
		};
/* End PBXFrameworksBuildPhase section */

/* Begin PBXGroup section */
		9788616226695C5100E23DEA = {
			isa = PBXGroup;
			children = (
				9788616D26695C5100E23DEA /* Project_789 */,
				9788616C26695C5100E23DEA /* Products */,
			);
			sourceTree = "<group>";
		};
		9788616C26695C5100E23DEA /* Products */ = {
			isa = PBXGroup;
			children = (
				9788616B26695C5100E23DEA /* Project_789.app */,
			);
			name = Products;
			sourceTree = "<group>";
		};
		9788616D26695C5100E23DEA /* Project_789 */ = {
			isa = PBXGroup;
			children = (
				9788616E26695C5100E23DEA /* AppDelegate.swift */,
				9788617026695C5100E23DEA /* SceneDelegate.swift */,
				9788617226695C5100E23DEA /* ViewController.swift */,
				97886187266A128400E23DEA /* Level.swift */,
				9788617426695C5100E23DEA /* Main.storyboard */,
				9788617726695C5200E23DEA /* Assets.xcassets */,
				9788617926695C5200E23DEA /* LaunchScreen.storyboard */,
				9788617C26695C5200E23DEA /* Info.plist */,
				97886184266A126B00E23DEA /* levels.txt */,
			);
			path = Project_789;
			sourceTree = "<group>";
		};
/* End PBXGroup section */

/* Begin PBXNativeTarget section */
		9788616A26695C5100E23DEA /* Project_789 */ = {
			isa = PBXNativeTarget;
			buildConfigurationList = 9788617F26695C5200E23DEA /* Build configuration list for PBXNativeTarget "Project_789" */;
			buildPhases = (
				9788616726695C5100E23DEA /* Sources */,
				9788616826695C5100E23DEA /* Frameworks */,
				9788616926695C5100E23DEA /* Resources */,
			);
			buildRules = (
			);
			dependencies = (
			);
			name = Project_789;
			productName = Project_789;
			productReference = 9788616B26695C5100E23DEA /* Project_789.app */;
			productType = "com.apple.product-type.application";
		};
/* End PBXNativeTarget section */

/* Begin PBXProject section */
		9788616326695C5100E23DEA /* Project object */ = {
			isa = PBXProject;
			attributes = {
				LastSwiftUpdateCheck = 1240;
				LastUpgradeCheck = 1240;
				TargetAttributes = {
					9788616A26695C5100E23DEA = {
						CreatedOnToolsVersion = 12.4;
					};
				};
			};
			buildConfigurationList = 9788616626695C5100E23DEA /* Build configuration list for PBXProject "Project_789" */;
			compatibilityVersion = "Xcode 9.3";
			developmentRegion = en;
			hasScannedForEncodings = 0;
			knownRegions = (
				en,
				Base,
			);
			mainGroup = 9788616226695C5100E23DEA;
			productRefGroup = 9788616C26695C5100E23DEA /* Products */;
			projectDirPath = "";
			projectRoot = "";
			targets = (
				9788616A26695C5100E23DEA /* Project_789 */,
			);
		};
/* End PBXProject section */

/* Begin PBXResourcesBuildPhase section */
		9788616926695C5100E23DEA /* Resources */ = {
			isa = PBXResourcesBuildPhase;
			buildActionMask = 2147483647;
			files = (
				9788617B26695C5200E23DEA /* LaunchScreen.storyboard in Resources */,
				9788617826695C5200E23DEA /* Assets.xcassets in Resources */,
				9788617626695C5100E23DEA /* Main.storyboard in Resources */,
				97886185266A126C00E23DEA /* levels.txt in Resources */,
			);
			runOnlyForDeploymentPostprocessing = 0;
		};
/* End PBXResourcesBuildPhase section */

/* Begin PBXSourcesBuildPhase section */
		9788616726695C5100E23DEA /* Sources */ = {
			isa = PBXSourcesBuildPhase;
			buildActionMask = 2147483647;
			files = (
				9788617326695C5100E23DEA /* ViewController.swift in Sources */,
				9788616F26695C5100E23DEA /* AppDelegate.swift in Sources */,
				97886188266A128400E23DEA /* Level.swift in Sources */,
				9788617126695C5100E23DEA /* SceneDelegate.swift in Sources */,
			);
			runOnlyForDeploymentPostprocessing = 0;
		};
/* End PBXSourcesBuildPhase section */

/* Begin PBXVariantGroup section */
		9788617426695C5100E23DEA /* Main.storyboard */ = {
			isa = PBXVariantGroup;
			children = (
				9788617526695C5100E23DEA /* Base */,
			);
			name = Main.storyboard;
			sourceTree = "<group>";
		};
		9788617926695C5200E23DEA /* LaunchScreen.storyboard */ = {
			isa = PBXVariantGroup;
			children = (
				9788617A26695C5200E23DEA /* Base */,
			);
			name = LaunchScreen.storyboard;
			sourceTree = "<group>";
		};
/* End PBXVariantGroup section */

/* Begin XCBuildConfiguration section */
		9788617D26695C5200E23DEA /* Debug */ = {
			isa = XCBuildConfiguration;
			buildSettings = {
				ALWAYS_SEARCH_USER_PATHS = NO;
				CLANG_ANALYZER_NONNULL = YES;
				CLANG_ANALYZER_NUMBER_OBJECT_CONVERSION = YES_AGGRESSIVE;
				CLANG_CXX_LANGUAGE_STANDARD = "gnu++14";
				CLANG_CXX_LIBRARY = "libc++";
				CLANG_ENABLE_MODULES = YES;
				CLANG_ENABLE_OBJC_ARC = YES;
				CLANG_ENABLE_OBJC_WEAK = YES;
				CLANG_WARN_BLOCK_CAPTURE_AUTORELEASING = YES;
				CLANG_WARN_BOOL_CONVERSION = YES;
				CLANG_WARN_COMMA = YES;
				CLANG_WARN_CONSTANT_CONVERSION = YES;
				CLANG_WARN_DEPRECATED_OBJC_IMPLEMENTATIONS = YES;
				CLANG_WARN_DIRECT_OBJC_ISA_USAGE = YES_ERROR;
				CLANG_WARN_DOCUMENTATION_COMMENTS = YES;
				CLANG_WARN_EMPTY_BODY = YES;
				CLANG_WARN_ENUM_CONVERSION = YES;
				CLANG_WARN_INFINITE_RECURSION = YES;
				CLANG_WARN_INT_CONVERSION = YES;
				CLANG_WARN_NON_LITERAL_NULL_CONVERSION = YES;
				CLANG_WARN_OBJC_IMPLICIT_RETAIN_SELF = YES;
				CLANG_WARN_OBJC_LITERAL_CONVERSION = YES;
				CLANG_WARN_OBJC_ROOT_CLASS = YES_ERROR;
				CLANG_WARN_QUOTED_INCLUDE_IN_FRAMEWORK_HEADER = YES;
				CLANG_WARN_RANGE_LOOP_ANALYSIS = YES;
				CLANG_WARN_STRICT_PROTOTYPES = YES;
				CLANG_WARN_SUSPICIOUS_MOVE = YES;
				CLANG_WARN_UNGUARDED_AVAILABILITY = YES_AGGRESSIVE;
				CLANG_WARN_UNREACHABLE_CODE = YES;
				CLANG_WARN__DUPLICATE_METHOD_MATCH = YES;
				COPY_PHASE_STRIP = NO;
				DEBUG_INFORMATION_FORMAT = dwarf;
				ENABLE_STRICT_OBJC_MSGSEND = YES;
				ENABLE_TESTABILITY = YES;
				GCC_C_LANGUAGE_STANDARD = gnu11;
				GCC_DYNAMIC_NO_PIC = NO;
				GCC_NO_COMMON_BLOCKS = YES;
				GCC_OPTIMIZATION_LEVEL = 0;
				GCC_PREPROCESSOR_DEFINITIONS = (
					"DEBUG=1",
					"$(inherited)",
				);
				GCC_WARN_64_TO_32_BIT_CONVERSION = YES;
				GCC_WARN_ABOUT_RETURN_TYPE = YES_ERROR;
				GCC_WARN_UNDECLARED_SELECTOR = YES;
				GCC_WARN_UNINITIALIZED_AUTOS = YES_AGGRESSIVE;
				GCC_WARN_UNUSED_FUNCTION = YES;
				GCC_WARN_UNUSED_VARIABLE = YES;
				IPHONEOS_DEPLOYMENT_TARGET = 14.4;
				MTL_ENABLE_DEBUG_INFO = INCLUDE_SOURCE;
				MTL_FAST_MATH = YES;
				ONLY_ACTIVE_ARCH = YES;
				SDKROOT = iphoneos;
				SWIFT_ACTIVE_COMPILATION_CONDITIONS = DEBUG;
				SWIFT_OPTIMIZATION_LEVEL = "-Onone";
			};
			name = Debug;
		};
		9788617E26695C5200E23DEA /* Release */ = {
			isa = XCBuildConfiguration;
			buildSettings = {
				ALWAYS_SEARCH_USER_PATHS = NO;
				CLANG_ANALYZER_NONNULL = YES;
				CLANG_ANALYZER_NUMBER_OBJECT_CONVERSION = YES_AGGRESSIVE;
				CLANG_CXX_LANGUAGE_STANDARD = "gnu++14";
				CLANG_CXX_LIBRARY = "libc++";
				CLANG_ENABLE_MODULES = YES;
				CLANG_ENABLE_OBJC_ARC = YES;
				CLANG_ENABLE_OBJC_WEAK = YES;
				CLANG_WARN_BLOCK_CAPTURE_AUTORELEASING = YES;
				CLANG_WARN_BOOL_CONVERSION = YES;
				CLANG_WARN_COMMA = YES;
				CLANG_WARN_CONSTANT_CONVERSION = YES;
				CLANG_WARN_DEPRECATED_OBJC_IMPLEMENTATIONS = YES;
				CLANG_WARN_DIRECT_OBJC_ISA_USAGE = YES_ERROR;
				CLANG_WARN_DOCUMENTATION_COMMENTS = YES;
				CLANG_WARN_EMPTY_BODY = YES;
				CLANG_WARN_ENUM_CONVERSION = YES;
				CLANG_WARN_INFINITE_RECURSION = YES;
				CLANG_WARN_INT_CONVERSION = YES;
				CLANG_WARN_NON_LITERAL_NULL_CONVERSION = YES;
				CLANG_WARN_OBJC_IMPLICIT_RETAIN_SELF = YES;
				CLANG_WARN_OBJC_LITERAL_CONVERSION = YES;
				CLANG_WARN_OBJC_ROOT_CLASS = YES_ERROR;
				CLANG_WARN_QUOTED_INCLUDE_IN_FRAMEWORK_HEADER = YES;
				CLANG_WARN_RANGE_LOOP_ANALYSIS = YES;
				CLANG_WARN_STRICT_PROTOTYPES = YES;
				CLANG_WARN_SUSPICIOUS_MOVE = YES;
				CLANG_WARN_UNGUARDED_AVAILABILITY = YES_AGGRESSIVE;
				CLANG_WARN_UNREACHABLE_CODE = YES;
				CLANG_WARN__DUPLICATE_METHOD_MATCH = YES;
				COPY_PHASE_STRIP = NO;
				DEBUG_INFORMATION_FORMAT = "dwarf-with-dsym";
				ENABLE_NS_ASSERTIONS = NO;
				ENABLE_STRICT_OBJC_MSGSEND = YES;
				GCC_C_LANGUAGE_STANDARD = gnu11;
				GCC_NO_COMMON_BLOCKS = YES;
				GCC_WARN_64_TO_32_BIT_CONVERSION = YES;
				GCC_WARN_ABOUT_RETURN_TYPE = YES_ERROR;
				GCC_WARN_UNDECLARED_SELECTOR = YES;
				GCC_WARN_UNINITIALIZED_AUTOS = YES_AGGRESSIVE;
				GCC_WARN_UNUSED_FUNCTION = YES;
				GCC_WARN_UNUSED_VARIABLE = YES;
				IPHONEOS_DEPLOYMENT_TARGET = 14.4;
				MTL_ENABLE_DEBUG_INFO = NO;
				MTL_FAST_MATH = YES;
				SDKROOT = iphoneos;
				SWIFT_COMPILATION_MODE = wholemodule;
				SWIFT_OPTIMIZATION_LEVEL = "-O";
				VALIDATE_PRODUCT = YES;
			};
			name = Release;
		};
		9788618026695C5200E23DEA /* Debug */ = {
			isa = XCBuildConfiguration;
			buildSettings = {
				ASSETCATALOG_COMPILER_APPICON_NAME = AppIcon;
				ASSETCATALOG_COMPILER_GLOBAL_ACCENT_COLOR_NAME = AccentColor;
				CODE_SIGN_STYLE = Automatic;
				INFOPLIST_FILE = Project_789/Info.plist;
				LD_RUNPATH_SEARCH_PATHS = (
					"$(inherited)",
					"@executable_path/Frameworks",
				);
				PRODUCT_BUNDLE_IDENTIFIER = "net.kizey.Project-789";
				PRODUCT_NAME = "$(TARGET_NAME)";
				SWIFT_VERSION = 5.0;
				TARGETED_DEVICE_FAMILY = "1,2";
			};
			name = Debug;
		};
		9788618126695C5200E23DEA /* Release */ = {
			isa = XCBuildConfiguration;
			buildSettings = {
				ASSETCATALOG_COMPILER_APPICON_NAME = AppIcon;
				ASSETCATALOG_COMPILER_GLOBAL_ACCENT_COLOR_NAME = AccentColor;
				CODE_SIGN_STYLE = Automatic;
				INFOPLIST_FILE = Project_789/Info.plist;
				LD_RUNPATH_SEARCH_PATHS = (
					"$(inherited)",
					"@executable_path/Frameworks",
				);
				PRODUCT_BUNDLE_IDENTIFIER = "net.kizey.Project-789";
				PRODUCT_NAME = "$(TARGET_NAME)";
				SWIFT_VERSION = 5.0;
				TARGETED_DEVICE_FAMILY = "1,2";
			};
			name = Release;
		};
/* End XCBuildConfiguration section */

/* Begin XCConfigurationList section */
		9788616626695C5100E23DEA /* Build configuration list for PBXProject "Project_789" */ = {
			isa = XCConfigurationList;
			buildConfigurations = (
				9788617D26695C5200E23DEA /* Debug */,
				9788617E26695C5200E23DEA /* Release */,
			);
			defaultConfigurationIsVisible = 0;
			defaultConfigurationName = Release;
		};
		9788617F26695C5200E23DEA /* Build configuration list for PBXNativeTarget "Project_789" */ = {
			isa = XCConfigurationList;
			buildConfigurations = (
				9788618026695C5200E23DEA /* Debug */,
				9788618126695C5200E23DEA /* Release */,
			);
			defaultConfigurationIsVisible = 0;
			defaultConfigurationName = Release;
		};
/* End XCConfigurationList section */
	};
	rootObject = 9788616326695C5100E23DEA /* Project object */;
}
